// !$*UTF8*$!
{
	archiveVersion = 1;
	classes = {
	};
	objectVersion = 46;
	objects = {

/* Begin PBXContainerItemProxy section */
		73B13CB31C4084D900BF6B75 /* PBXContainerItemProxy */ = {
			isa = PBXContainerItemProxy;
			containerPortal = 73B13C961C4084D800BF6B75 /* Project object */;
			proxyType = 1;
			remoteGlobalIDString = 73B13C9D1C4084D800BF6B75;
			remoteInfo = aversivaya;
		};
		73B13CBE1C4084D900BF6B75 /* PBXContainerItemProxy */ = {
			isa = PBXContainerItemProxy;
			containerPortal = 73B13C961C4084D800BF6B75 /* Project object */;
			proxyType = 1;
			remoteGlobalIDString = 73B13C9D1C4084D800BF6B75;
			remoteInfo = aversivaya;
		};
/* End PBXContainerItemProxy section */

/* Begin PBXFileReference section */
		73B13C9E1C4084D800BF6B75 /* aversivaya.app */ = {isa = PBXFileReference; explicitFileType = wrapper.application; includeInIndex = 0; name = aversivaya.app; path = "/Users/pacolo76/Desktop/aversivaya/build/Debug-iphoneos/aversivaya.app"; sourceTree = "<absolute>"; };
		73B13CB21C4084D900BF6B75 /* aversivayaTests.xctest */ = {isa = PBXFileReference; explicitFileType = wrapper.cfbundle; includeInIndex = 0; name = aversivayaTests.xctest; path = "/Users/pacolo76/Desktop/aversivaya/build/Debug-iphoneos/aversivayaTests.xctest"; sourceTree = "<absolute>"; };
		73B13CBD1C4084D900BF6B75 /* aversivayaUITests.xctest */ = {isa = PBXFileReference; explicitFileType = wrapper.cfbundle; includeInIndex = 0; name = aversivayaUITests.xctest; path = "/Users/pacolo76/Desktop/aversivaya/build/Debug-iphoneos/aversivayaUITests.xctest"; sourceTree = "<absolute>"; };
/* End PBXFileReference section */

/* Begin PBXFrameworksBuildPhase section */
		73B13C9B1C4084D800BF6B75 /* Frameworks */ = {
			isa = PBXFrameworksBuildPhase;
			buildActionMask = 2147483647;
			files = (
			);
			runOnlyForDeploymentPostprocessing = 0;
		};
		73B13CAF1C4084D900BF6B75 /* Frameworks */ = {
			isa = PBXFrameworksBuildPhase;
			buildActionMask = 2147483647;
			files = (
			);
			runOnlyForDeploymentPostprocessing = 0;
		};
		73B13CBA1C4084D900BF6B75 /* Frameworks */ = {
			isa = PBXFrameworksBuildPhase;
			buildActionMask = 2147483647;
			files = (
			);
			runOnlyForDeploymentPostprocessing = 0;
		};
/* End PBXFrameworksBuildPhase section */

/* Begin PBXGroup section */
		73B13C951C4084D800BF6B75 = {
			isa = PBXGroup;
			children = (
			);
			sourceTree = "<group>";
		};
/* End PBXGroup section */

/* Begin PBXNativeTarget section */
		73B13C9D1C4084D800BF6B75 /* aversivaya */ = {
			isa = PBXNativeTarget;
			buildConfigurationList = 73B13CC61C4084D900BF6B75 /* Build configuration list for PBXNativeTarget "aversivaya" */;
			buildPhases = (
				73B13C9A1C4084D800BF6B75 /* Sources */,
				73B13C9B1C4084D800BF6B75 /* Frameworks */,
				73B13C9C1C4084D800BF6B75 /* Resources */,
			);
			buildRules = (
			);
			dependencies = (
			);
			name = aversivaya;
			productName = aversivaya;
			productReference = 73B13C9E1C4084D800BF6B75 /* aversivaya.app */;
			productType = "com.apple.product-type.application";
		};
		73B13CB11C4084D900BF6B75 /* aversivayaTests */ = {
			isa = PBXNativeTarget;
			buildConfigurationList = 73B13CC91C4084D900BF6B75 /* Build configuration list for PBXNativeTarget "aversivayaTests" */;
			buildPhases = (
				73B13CAE1C4084D900BF6B75 /* Sources */,
				73B13CAF1C4084D900BF6B75 /* Frameworks */,
				73B13CB01C4084D900BF6B75 /* Resources */,
			);
			buildRules = (
			);
			dependencies = (
				73B13CB41C4084D900BF6B75 /* PBXTargetDependency */,
			);
			name = aversivayaTests;
			productName = aversivayaTests;
			productReference = 73B13CB21C4084D900BF6B75 /* aversivayaTests.xctest */;
			productType = "com.apple.product-type.bundle.unit-test";
		};
		73B13CBC1C4084D900BF6B75 /* aversivayaUITests */ = {
			isa = PBXNativeTarget;
			buildConfigurationList = 73B13CCC1C4084D900BF6B75 /* Build configuration list for PBXNativeTarget "aversivayaUITests" */;
			buildPhases = (
				73B13CB91C4084D900BF6B75 /* Sources */,
				73B13CBA1C4084D900BF6B75 /* Frameworks */,
				73B13CBB1C4084D900BF6B75 /* Resources */,
			);
			buildRules = (
			);
			dependencies = (
				73B13CBF1C4084D900BF6B75 /* PBXTargetDependency */,
			);
			name = aversivayaUITests;
			productName = aversivayaUITests;
			productReference = 73B13CBD1C4084D900BF6B75 /* aversivayaUITests.xctest */;
			productType = "com.apple.product-type.bundle.ui-testing";
		};
/* End PBXNativeTarget section */

/* Begin PBXProject section */
		73B13C961C4084D800BF6B75 /* Project object */ = {
			isa = PBXProject;
			attributes = {
				LastSwiftUpdateCheck = 0720;
				LastUpgradeCheck = 0720;
				ORGANIZATIONNAME = "francisco jorge colomina crespo";
				TargetAttributes = {
					73B13C9D1C4084D800BF6B75 = {
						CreatedOnToolsVersion = 7.2;
					};
					73B13CB11C4084D900BF6B75 = {
						CreatedOnToolsVersion = 7.2;
						TestTargetID = 73B13C9D1C4084D800BF6B75;
					};
					73B13CBC1C4084D900BF6B75 = {
						CreatedOnToolsVersion = 7.2;
						TestTargetID = 73B13C9D1C4084D800BF6B75;
					};
				};
			};
			buildConfigurationList = 73B13C991C4084D800BF6B75 /* Build configuration list for PBXProject "aversivaya" */;
			compatibilityVersion = "Xcode 3.2";
			developmentRegion = English;
			hasScannedForEncodings = 0;
			knownRegions = (
				en,
				Base,
			);
			mainGroup = 73B13C951C4084D800BF6B75;
			productRefGroup = 73B13C951C4084D800BF6B75;
			projectDirPath = "";
			projectRoot = "";
			targets = (
				73B13C9D1C4084D800BF6B75 /* aversivaya */,
				73B13CB11C4084D900BF6B75 /* aversivayaTests */,
				73B13CBC1C4084D900BF6B75 /* aversivayaUITests */,
			);
		};
/* End PBXProject section */

/* Begin PBXResourcesBuildPhase section */
		73B13C9C1C4084D800BF6B75 /* Resources */ = {
			isa = PBXResourcesBuildPhase;
			buildActionMask = 2147483647;
			files = (
			);
			runOnlyForDeploymentPostprocessing = 0;
		};
		73B13CB01C4084D900BF6B75 /* Resources */ = {
			isa = PBXResourcesBuildPhase;
			buildActionMask = 2147483647;
			files = (
			);
			runOnlyForDeploymentPostprocessing = 0;
		};
		73B13CBB1C4084D900BF6B75 /* Resources */ = {
			isa = PBXResourcesBuildPhase;
			buildActionMask = 2147483647;
			files = (
			);
			runOnlyForDeploymentPostprocessing = 0;
		};
/* End PBXResourcesBuildPhase section */

/* Begin PBXSourcesBuildPhase section */
		73B13C9A1C4084D800BF6B75 /* Sources */ = {
			isa = PBXSourcesBuildPhase;
			buildActionMask = 2147483647;
			files = (
			);
			runOnlyForDeploymentPostprocessing = 0;
		};
		73B13CAE1C4084D900BF6B75 /* Sources */ = {
			isa = PBXSourcesBuildPhase;
			buildActionMask = 2147483647;
			files = (
			);
			runOnlyForDeploymentPostprocessing = 0;
		};
		73B13CB91C4084D900BF6B75 /* Sources */ = {
			isa = PBXSourcesBuildPhase;
			buildActionMask = 2147483647;
			files = (
			);
			runOnlyForDeploymentPostprocessing = 0;
		};
/* End PBXSourcesBuildPhase section */

/* Begin PBXTargetDependency section */
		73B13CB41C4084D900BF6B75 /* PBXTargetDependency */ = {
			isa = PBXTargetDependency;
			target = 73B13C9D1C4084D800BF6B75 /* aversivaya */;
			targetProxy = 73B13CB31C4084D900BF6B75 /* PBXContainerItemProxy */;
		};
		73B13CBF1C4084D900BF6B75 /* PBXTargetDependency */ = {
			isa = PBXTargetDependency;
			target = 73B13C9D1C4084D800BF6B75 /* aversivaya */;
			targetProxy = 73B13CBE1C4084D900BF6B75 /* PBXContainerItemProxy */;
		};
/* End PBXTargetDependency section */

/* Begin XCBuildConfiguration section */
		73B13CC41C4084D900BF6B75 /* Debug */ = {
			isa = XCBuildConfiguration;
			buildSettings = {
				ALWAYS_SEARCH_USER_PATHS = NO;
				CLANG_CXX_LANGUAGE_STANDARD = "gnu++0x";
				CLANG_CXX_LIBRARY = "libc++";
				CLANG_ENABLE_MODULES = YES;
				CLANG_ENABLE_OBJC_ARC = YES;
				CLANG_WARN_BOOL_CONVERSION = YES;
				CLANG_WARN_CONSTANT_CONVERSION = YES;
				CLANG_WARN_DIRECT_OBJC_ISA_USAGE = YES_ERROR;
				CLANG_WARN_EMPTY_BODY = YES;
				CLANG_WARN_ENUM_CONVERSION = YES;
				CLANG_WARN_INT_CONVERSION = YES;
				CLANG_WARN_OBJC_ROOT_CLASS = YES_ERROR;
				CLANG_WARN_UNREACHABLE_CODE = YES;
				CLANG_WARN__DUPLICATE_METHOD_MATCH = YES;
				"CODE_SIGN_IDENTITY[sdk=iphoneos*]" = "iPhone Developer";
				COPY_PHASE_STRIP = NO;
				DEBUG_INFORMATION_FORMAT = dwarf;
				ENABLE_STRICT_OBJC_MSGSEND = YES;
				ENABLE_TESTABILITY = YES;
				GCC_C_LANGUAGE_STANDARD = gnu99;
				GCC_DYNAMIC_NO_PIC = NO;
				GCC_NO_COMMON_BLOCKS = YES;
				GCC_OPTIMIZATION_LEVEL = 0;
				GCC_PREPROCESSOR_DEFINITIONS = (
					"DEBUG=1",
					"$(inherited)",
				);
				GCC_WARN_64_TO_32_BIT_CONVERSION = YES;
				GCC_WARN_ABOUT_RETURN_TYPE = YES_ERROR;
				GCC_WARN_UNDECLARED_SELECTOR = YES;
				GCC_WARN_UNINITIALIZED_AUTOS = YES_AGGRESSIVE;
				GCC_WARN_UNUSED_FUNCTION = YES;
				GCC_WARN_UNUSED_VARIABLE = YES;
				IPHONEOS_DEPLOYMENT_TARGET = 9.2;
				MTL_ENABLE_DEBUG_INFO = YES;
				ONLY_ACTIVE_ARCH = YES;
				SDKROOT = iphoneos;
				SWIFT_OPTIMIZATION_LEVEL = "-Onone";
				TARGETED_DEVICE_FAMILY = "1,2";
			};
			name = Debug;
		};
		73B13CC51C4084D900BF6B75 /* Release */ = {
			isa = XCBuildConfiguration;
			buildSettings = {
				ALWAYS_SEARCH_USER_PATHS = NO;
				CLANG_CXX_LANGUAGE_STANDARD = "gnu++0x";
				CLANG_CXX_LIBRARY = "libc++";
				CLANG_ENABLE_MODULES = YES;
				CLANG_ENABLE_OBJC_ARC = YES;
				CLANG_WARN_BOOL_CONVERSION = YES;
				CLANG_WARN_CONSTANT_CONVERSION = YES;
				CLANG_WARN_DIRECT_OBJC_ISA_USAGE = YES_ERROR;
				CLANG_WARN_EMPTY_BODY = YES;
				CLANG_WARN_ENUM_CONVERSION = YES;
				CLANG_WARN_INT_CONVERSION = YES;
				CLANG_WARN_OBJC_ROOT_CLASS = YES_ERROR;
				CLANG_WARN_UNREACHABLE_CODE = YES;
				CLANG_WARN__DUPLICATE_METHOD_MATCH = YES;
				"CODE_SIGN_IDENTITY[sdk=iphoneos*]" = "iPhone Developer";
				COPY_PHASE_STRIP = NO;
				DEBUG_INFORMATION_FORMAT = "dwarf-with-dsym";
				ENABLE_NS_ASSERTIONS = NO;
				ENABLE_STRICT_OBJC_MSGSEND = YES;
				GCC_C_LANGUAGE_STANDARD = gnu99;
				GCC_NO_COMMON_BLOCKS = YES;
				GCC_WARN_64_TO_32_BIT_CONVERSION = YES;
				GCC_WARN_ABOUT_RETURN_TYPE = YES_ERROR;
				GCC_WARN_UNDECLARED_SELECTOR = YES;
				GCC_WARN_UNINITIALIZED_AUTOS = YES_AGGRESSIVE;
				GCC_WARN_UNUSED_FUNCTION = YES;
				GCC_WARN_UNUSED_VARIABLE = YES;
				IPHONEOS_DEPLOYMENT_TARGET = 9.2;
				MTL_ENABLE_DEBUG_INFO = NO;
				SDKROOT = iphoneos;
				TARGETED_DEVICE_FAMILY = "1,2";
				VALIDATE_PRODUCT = YES;
			};
			name = Release;
		};
		73B13CC71C4084D900BF6B75 /* Debug */ = {
			isa = XCBuildConfiguration;
			buildSettings = {
				ASSETCATALOG_COMPILER_APPICON_NAME = AppIcon;
				INFOPLIST_FILE = aversivaya/Info.plist;
				LD_RUNPATH_SEARCH_PATHS = "$(inherited) @executable_path/Frameworks";
				PRODUCT_BUNDLE_IDENTIFIER = mforense.aversivaya;
				PRODUCT_NAME = "$(TARGET_NAME)";
			};
			name = Debug;
		};
		73B13CC81C4084D900BF6B75 /* Release */ = {
			isa = XCBuildConfiguration;
			buildSettings = {
				ASSETCATALOG_COMPILER_APPICON_NAME = AppIcon;
				INFOPLIST_FILE = aversivaya/Info.plist;
				LD_RUNPATH_SEARCH_PATHS = "$(inherited) @executable_path/Frameworks";
				PRODUCT_BUNDLE_IDENTIFIER = mforense.aversivaya;
				PRODUCT_NAME = "$(TARGET_NAME)";
			};
			name = Release;
		};
		73B13CCA1C4084D900BF6B75 /* Debug */ = {
			isa = XCBuildConfiguration;
			buildSettings = {
				BUNDLE_LOADER = "$(TEST_HOST)";
				INFOPLIST_FILE = aversivayaTests/Info.plist;
				LD_RUNPATH_SEARCH_PATHS = "$(inherited) @executable_path/Frameworks @loader_path/Frameworks";
				PRODUCT_BUNDLE_IDENTIFIER = mforense.aversivayaTests;
				PRODUCT_NAME = "$(TARGET_NAME)";
				TEST_HOST = "$(BUILT_PRODUCTS_DIR)/aversivaya.app/aversivaya";
			};
			name = Debug;
		};
		73B13CCB1C4084D900BF6B75 /* Release */ = {
			isa = XCBuildConfiguration;
			buildSettings = {
				BUNDLE_LOADER = "$(TEST_HOST)";
				INFOPLIST_FILE = aversivayaTests/Info.plist;
				LD_RUNPATH_SEARCH_PATHS = "$(inherited) @executable_path/Frameworks @loader_path/Frameworks";
				PRODUCT_BUNDLE_IDENTIFIER = mforense.aversivayaTests;
				PRODUCT_NAME = "$(TARGET_NAME)";
				TEST_HOST = "$(BUILT_PRODUCTS_DIR)/aversivaya.app/aversivaya";
			};
			name = Release;
		};
		73B13CCD1C4084D900BF6B75 /* Debug */ = {
			isa = XCBuildConfiguration;
			buildSettings = {
				INFOPLIST_FILE = aversivayaUITests/Info.plist;
				LD_RUNPATH_SEARCH_PATHS = "$(inherited) @executable_path/Frameworks @loader_path/Frameworks";
				PRODUCT_BUNDLE_IDENTIFIER = mforense.aversivayaUITests;
				PRODUCT_NAME = "$(TARGET_NAME)";
				TEST_TARGET_NAME = aversivaya;
				USES_XCTRUNNER = YES;
			};
			name = Debug;
		};
		73B13CCE1C4084D900BF6B75 /* Release */ = {
			isa = XCBuildConfiguration;
			buildSettings = {
				INFOPLIST_FILE = aversivayaUITests/Info.plist;
				LD_RUNPATH_SEARCH_PATHS = "$(inherited) @executable_path/Frameworks @loader_path/Frameworks";
				PRODUCT_BUNDLE_IDENTIFIER = mforense.aversivayaUITests;
				PRODUCT_NAME = "$(TARGET_NAME)";
				TEST_TARGET_NAME = aversivaya;
				USES_XCTRUNNER = YES;
			};
			name = Release;
		};
/* End XCBuildConfiguration section */

/* Begin XCConfigurationList section */
		73B13C991C4084D800BF6B75 /* Build configuration list for PBXProject "aversivaya" */ = {
			isa = XCConfigurationList;
			buildConfigurations = (
				73B13CC41C4084D900BF6B75 /* Debug */,
				73B13CC51C4084D900BF6B75 /* Release */,
			);
			defaultConfigurationIsVisible = 0;
			defaultConfigurationName = Release;
		};
		73B13CC61C4084D900BF6B75 /* Build configuration list for PBXNativeTarget "aversivaya" */ = {
			isa = XCConfigurationList;
			buildConfigurations = (
				73B13CC71C4084D900BF6B75 /* Debug */,
				73B13CC81C4084D900BF6B75 /* Release */,
			);
			defaultConfigurationIsVisible = 0;
			defaultConfigurationName = Release;
		};
		73B13CC91C4084D900BF6B75 /* Build configuration list for PBXNativeTarget "aversivayaTests" */ = {
			isa = XCConfigurationList;
			buildConfigurations = (
				73B13CCA1C4084D900BF6B75 /* Debug */,
				73B13CCB1C4084D900BF6B75 /* Release */,
			);
			defaultConfigurationIsVisible = 0;
			defaultConfigurationName = Release;
		};
		73B13CCC1C4084D900BF6B75 /* Build configuration list for PBXNativeTarget "aversivayaUITests" */ = {
			isa = XCConfigurationList;
			buildConfigurations = (
				73B13CCD1C4084D900BF6B75 /* Debug */,
				73B13CCE1C4084D900BF6B75 /* Release */,
			);
			defaultConfigurationIsVisible = 0;
			defaultConfigurationName = Release;
		};
/* End XCConfigurationList section */
	};
	rootObject = 73B13C961C4084D800BF6B75 /* Project object */;
}
